{
  "nodes": {
    "flake-compat": {
      "flake": false,
      "locked": {
        "lastModified": 1696426674,
        "narHash": "sha256-kvjfFW7WAETZlt09AgDn1MrtKzP7t90Vf7vypd3OL1U=",
        "owner": "edolstra",
        "repo": "flake-compat",
        "rev": "0f9255e01c2351cc7d116c072cb317785dd33b33",
        "type": "github"
      },
      "original": {
        "owner": "edolstra",
        "repo": "flake-compat",
        "type": "github"
      }
    },
    "flake-utils": {
      "inputs": {
        "systems": "systems"
      },
      "locked": {
        "lastModified": 1705309234,
        "narHash": "sha256-uNRRNRKmJyCRC/8y1RqBkqWBLM034y4qN7EprSdmgyA=",
        "owner": "numtide",
        "repo": "flake-utils",
        "rev": "1ef2e671c3b0c19053962c07dbda38332dcebf26",
        "type": "github"
      },
      "original": {
        "owner": "numtide",
        "repo": "flake-utils",
        "type": "github"
      }
    },
    "flake-utils_2": {
      "inputs": {
        "systems": "systems_2"
      },
      "locked": {
        "lastModified": 1710146030,
        "narHash": "sha256-SZ5L6eA7HJ/nmkzGG7/ISclqe6oZdOZTNoesiInkXPQ=",
        "owner": "numtide",
        "repo": "flake-utils",
        "rev": "b1d9ab70662946ef0850d488da1c9019f3a9752a",
        "type": "github"
      },
      "original": {
        "owner": "numtide",
        "repo": "flake-utils",
        "type": "github"
      }
    },
    "gitignore": {
      "inputs": {
        "nixpkgs": [
          "zls",
          "nixpkgs"
        ]
      },
      "locked": {
        "lastModified": 1709087332,
        "narHash": "sha256-HG2cCnktfHsKV0s4XW83gU3F57gaTljL9KNSuG6bnQs=",
        "owner": "hercules-ci",
        "repo": "gitignore.nix",
        "rev": "637db329424fd7e46cf4185293b9cc8c88c95394",
        "type": "github"
      },
      "original": {
        "owner": "hercules-ci",
        "repo": "gitignore.nix",
        "type": "github"
      }
    },
    "langref": {
      "flake": false,
      "locked": {
        "narHash": "sha256-O6p2tiKD8ZMhSX+DeA/o5hhAvcPkU2J9lFys/r11peY=",
        "type": "file",
        "url": "https://raw.githubusercontent.com/ziglang/zig/0fb2015fd3422fc1df364995f9782dfe7255eccd/doc/langref.html.in"
      },
      "original": {
        "type": "file",
        "url": "https://raw.githubusercontent.com/ziglang/zig/0fb2015fd3422fc1df364995f9782dfe7255eccd/doc/langref.html.in"
      }
    },
    "nixpkgs-24-05": {
      "locked": {
        "lastModified": 1720691131,
        "narHash": "sha256-CWT+KN8aTPyMIx8P303gsVxUnkinIz0a/Cmasz1jyIM=",
        "owner": "nixos",
        "repo": "nixpkgs",
        "rev": "a046c1202e11b62cbede5385ba64908feb7bfac4",
        "type": "github"
      },
      "original": {
        "owner": "nixos",
        "ref": "nixos-24.05",
        "repo": "nixpkgs",
        "type": "github"
      }
    },
    "nixpkgs-unstable": {
      "locked": {
        "lastModified": 1720542800,
        "narHash": "sha256-ZgnNHuKV6h2+fQ5LuqnUaqZey1Lqqt5dTUAiAnqH0QQ=",
        "owner": "nixos",
        "repo": "nixpkgs",
        "rev": "feb2849fdeb70028c70d73b848214b00d324a497",
        "type": "github"
      },
      "original": {
        "owner": "nixos",
        "ref": "nixos-unstable",
        "repo": "nixpkgs",
        "type": "github"
      }
    },
    "root": {
      "inputs": {
        "nixpkgs-24-05": "nixpkgs-24-05",
        "nixpkgs-unstable": "nixpkgs-unstable",
        "zig": "zig",
        "zls": "zls"
      }
    },
    "systems": {
      "locked": {
        "lastModified": 1681028828,
        "narHash": "sha256-Vy1rq5AaRuLzOxct8nz4T6wlgyUR7zLU309k9mBC768=",
        "owner": "nix-systems",
        "repo": "default",
        "rev": "da67096a3b9bf56a91d16901293e51ba5b49a27e",
        "type": "github"
      },
      "original": {
        "owner": "nix-systems",
        "repo": "default",
        "type": "github"
      }
    },
    "systems_2": {
      "locked": {
        "lastModified": 1681028828,
        "narHash": "sha256-Vy1rq5AaRuLzOxct8nz4T6wlgyUR7zLU309k9mBC768=",
        "owner": "nix-systems",
        "repo": "default",
        "rev": "da67096a3b9bf56a91d16901293e51ba5b49a27e",
        "type": "github"
      },
      "original": {
        "owner": "nix-systems",
        "repo": "default",
        "type": "github"
      }
    },
    "zig": {
      "inputs": {
        "flake-compat": "flake-compat",
        "flake-utils": "flake-utils",
        "nixpkgs": [
          "nixpkgs-24-05"
        ]
      },
      "locked": {
        "lastModified": 1720786233,
        "narHash": "sha256-MW1yTbTvDSNu3LnU3rpkdaF8Xxb3D3kHqFfIerzwk98=",
        "owner": "mitchellh",
        "repo": "zig-overlay",
        "rev": "ecfeb1f4c2970aac4a8281382ea27dbc1861c821",
        "type": "github"
      },
      "original": {
        "owner": "mitchellh",
        "repo": "zig-overlay",
        "type": "github"
      }
    },
    "zls": {
      "inputs": {
        "flake-utils": "flake-utils_2",
        "gitignore": "gitignore",
        "langref": "langref",
        "nixpkgs": [
          "nixpkgs-24-05"
        ],
        "zig-overlay": [
          "zig"
        ]
      },
      "locked": {
        "lastModified": 1720719728,
        "narHash": "sha256-uPe4sqNB661tIi4U6YvHR9BpN8ozIcmxUJxcxI9tD1o=",
        "owner": "zigtools",
        "repo": "zls",
        "rev": "b8dd9cbbcc7591159f28eb41c21315f5ef5ca995",
        "type": "github"
      },
      "original": {
        "owner": "zigtools",
        "ref": "master",
        "repo": "zls",
        "type": "github"
      }
    }
  },
  "root": "root",
  "version": 7
}
